// !$*UTF8*$!
{
	archiveVersion = 1;
	classes = {
	};
	objectVersion = 46;
	objects = {

/* Begin PBXBuildFile section */
		8330F9A813D2FD4C005C3D78 /* CMFunctionalDictionary.h in Headers */ = {isa = PBXBuildFile; fileRef = 8330F9A613D2FD4C005C3D78 /* CMFunctionalDictionary.h */; settings = {ATTRIBUTES = (Public, ); }; };
		8330F9A913D2FD4C005C3D78 /* CMFunctionalDictionary.m in Sources */ = {isa = PBXBuildFile; fileRef = 8330F9A713D2FD4C005C3D78 /* CMFunctionalDictionary.m */; };
		8370F1DF13D2E7210073ADDD /* Cocoa.framework in Frameworks */ = {isa = PBXBuildFile; fileRef = 8370F1DE13D2E7210073ADDD /* Cocoa.framework */; };
		8370F1E913D2E7210073ADDD /* InfoPlist.strings in Resources */ = {isa = PBXBuildFile; fileRef = 8370F1E713D2E7210073ADDD /* InfoPlist.strings */; };
		8399590713D3003500475D71 /* CMFunctionalArray.h in Headers */ = {isa = PBXBuildFile; fileRef = 8399590513D3003500475D71 /* CMFunctionalArray.h */; settings = {ATTRIBUTES = (Public, ); }; };
		8399590813D3003500475D71 /* CMFunctionalArray.m in Sources */ = {isa = PBXBuildFile; fileRef = 8399590613D3003500475D71 /* CMFunctionalArray.m */; };
		83BFDD1613D993BA005EC015 /* SenTestingKit.framework in Frameworks */ = {isa = PBXBuildFile; fileRef = 83BFDD1513D993BA005EC015 /* SenTestingKit.framework */; };
		83BFDD1713D993BA005EC015 /* Cocoa.framework in Frameworks */ = {isa = PBXBuildFile; fileRef = 8370F1DE13D2E7210073ADDD /* Cocoa.framework */; };
		83BFDD1D13D993BB005EC015 /* InfoPlist.strings in Resources */ = {isa = PBXBuildFile; fileRef = 83BFDD1B13D993BB005EC015 /* InfoPlist.strings */; };
		83BFDD1F13D993BB005EC015 /* CMFunctionalArrayTest.h in Resources */ = {isa = PBXBuildFile; fileRef = 83BFDD1E13D993BB005EC015 /* CMFunctionalArrayTest.h */; };
		83BFDD2113D993BB005EC015 /* CMFunctionalArrayTest.m in Sources */ = {isa = PBXBuildFile; fileRef = 83BFDD2013D993BB005EC015 /* CMFunctionalArrayTest.m */; };
		83BFDD3413D9AC4B005EC015 /* CMFunctionalAdditions.framework in Frameworks */ = {isa = PBXBuildFile; fileRef = 8370F1DB13D2E7210073ADDD /* CMFunctionalAdditions.framework */; };
/* End PBXBuildFile section */

/* Begin PBXContainerItemProxy section */
		83BFDD2F13D9A7DD005EC015 /* PBXContainerItemProxy */ = {
			isa = PBXContainerItemProxy;
			containerPortal = 8370F1D113D2E7200073ADDD /* Project object */;
			proxyType = 1;
			remoteGlobalIDString = 8370F1DA13D2E7210073ADDD;
			remoteInfo = CMFunctionalAdditions;
		};
/* End PBXContainerItemProxy section */

/* Begin PBXFileReference section */
		8330F9A613D2FD4C005C3D78 /* CMFunctionalDictionary.h */ = {isa = PBXFileReference; fileEncoding = 4; lastKnownFileType = sourcecode.c.h; path = CMFunctionalDictionary.h; sourceTree = "<group>"; };
		8330F9A713D2FD4C005C3D78 /* CMFunctionalDictionary.m */ = {isa = PBXFileReference; fileEncoding = 4; lastKnownFileType = sourcecode.c.objc; path = CMFunctionalDictionary.m; sourceTree = "<group>"; };
		8370F1DB13D2E7210073ADDD /* CMFunctionalAdditions.framework */ = {isa = PBXFileReference; explicitFileType = wrapper.framework; includeInIndex = 0; path = CMFunctionalAdditions.framework; sourceTree = BUILT_PRODUCTS_DIR; };
		8370F1DE13D2E7210073ADDD /* Cocoa.framework */ = {isa = PBXFileReference; lastKnownFileType = wrapper.framework; name = Cocoa.framework; path = System/Library/Frameworks/Cocoa.framework; sourceTree = SDKROOT; };
		8370F1E113D2E7210073ADDD /* AppKit.framework */ = {isa = PBXFileReference; lastKnownFileType = wrapper.framework; name = AppKit.framework; path = System/Library/Frameworks/AppKit.framework; sourceTree = SDKROOT; };
		8370F1E213D2E7210073ADDD /* CoreData.framework */ = {isa = PBXFileReference; lastKnownFileType = wrapper.framework; name = CoreData.framework; path = System/Library/Frameworks/CoreData.framework; sourceTree = SDKROOT; };
		8370F1E313D2E7210073ADDD /* Foundation.framework */ = {isa = PBXFileReference; lastKnownFileType = wrapper.framework; name = Foundation.framework; path = System/Library/Frameworks/Foundation.framework; sourceTree = SDKROOT; };
		8370F1E613D2E7210073ADDD /* CMFunctionalAdditions-Info.plist */ = {isa = PBXFileReference; lastKnownFileType = text.plist.xml; path = "CMFunctionalAdditions-Info.plist"; sourceTree = "<group>"; };
		8370F1E813D2E7210073ADDD /* en */ = {isa = PBXFileReference; lastKnownFileType = text.plist.strings; name = en; path = en.lproj/InfoPlist.strings; sourceTree = "<group>"; };
		8370F1EA13D2E7210073ADDD /* CMFunctionalAdditions-Prefix.pch */ = {isa = PBXFileReference; lastKnownFileType = sourcecode.c.h; path = "CMFunctionalAdditions-Prefix.pch"; sourceTree = "<group>"; };
		8399590513D3003500475D71 /* CMFunctionalArray.h */ = {isa = PBXFileReference; fileEncoding = 4; lastKnownFileType = sourcecode.c.h; path = CMFunctionalArray.h; sourceTree = "<group>"; };
		8399590613D3003500475D71 /* CMFunctionalArray.m */ = {isa = PBXFileReference; fileEncoding = 4; lastKnownFileType = sourcecode.c.objc; path = CMFunctionalArray.m; sourceTree = "<group>"; };
		83BFDD1413D993BA005EC015 /* CMFunctionalTest.octest */ = {isa = PBXFileReference; explicitFileType = wrapper.cfbundle; includeInIndex = 0; path = CMFunctionalTest.octest; sourceTree = BUILT_PRODUCTS_DIR; };
		83BFDD1513D993BA005EC015 /* SenTestingKit.framework */ = {isa = PBXFileReference; lastKnownFileType = wrapper.framework; name = SenTestingKit.framework; path = Library/Frameworks/SenTestingKit.framework; sourceTree = DEVELOPER_DIR; };
		83BFDD1A13D993BB005EC015 /* CMFunctionalTest-Info.plist */ = {isa = PBXFileReference; lastKnownFileType = text.plist.xml; path = "CMFunctionalTest-Info.plist"; sourceTree = "<group>"; };
		83BFDD1C13D993BB005EC015 /* en */ = {isa = PBXFileReference; lastKnownFileType = text.plist.strings; name = en; path = en.lproj/InfoPlist.strings; sourceTree = "<group>"; };
		83BFDD1E13D993BB005EC015 /* CMFunctionalArrayTest.h */ = {isa = PBXFileReference; lastKnownFileType = sourcecode.c.h; path = CMFunctionalArrayTest.h; sourceTree = "<group>"; };
		83BFDD2013D993BB005EC015 /* CMFunctionalArrayTest.m */ = {isa = PBXFileReference; lastKnownFileType = sourcecode.c.objc; path = CMFunctionalArrayTest.m; sourceTree = "<group>"; };
		83BFDD2213D993BB005EC015 /* CMFunctionalTest-Prefix.pch */ = {isa = PBXFileReference; lastKnownFileType = sourcecode.c.h; path = "CMFunctionalTest-Prefix.pch"; sourceTree = "<group>"; };
/* End PBXFileReference section */

/* Begin PBXFrameworksBuildPhase section */
		8370F1D713D2E7210073ADDD /* Frameworks */ = {
			isa = PBXFrameworksBuildPhase;
			buildActionMask = 2147483647;
			files = (
				8370F1DF13D2E7210073ADDD /* Cocoa.framework in Frameworks */,
			);
			runOnlyForDeploymentPostprocessing = 0;
		};
		83BFDD1013D993BA005EC015 /* Frameworks */ = {
			isa = PBXFrameworksBuildPhase;
			buildActionMask = 2147483647;
			files = (
				83BFDD3413D9AC4B005EC015 /* CMFunctionalAdditions.framework in Frameworks */,
				83BFDD1613D993BA005EC015 /* SenTestingKit.framework in Frameworks */,
				83BFDD1713D993BA005EC015 /* Cocoa.framework in Frameworks */,
			);
			runOnlyForDeploymentPostprocessing = 0;
		};
/* End PBXFrameworksBuildPhase section */

/* Begin PBXGroup section */
		8370F1CF13D2E7200073ADDD = {
			isa = PBXGroup;
			children = (
				8370F1E413D2E7210073ADDD /* CMFunctionalAdditions */,
				83BFDD1813D993BA005EC015 /* CMFunctionalTest */,
				8370F1DD13D2E7210073ADDD /* Frameworks */,
				8370F1DC13D2E7210073ADDD /* Products */,
			);
			sourceTree = "<group>";
		};
		8370F1DC13D2E7210073ADDD /* Products */ = {
			isa = PBXGroup;
			children = (
				8370F1DB13D2E7210073ADDD /* CMFunctionalAdditions.framework */,
				83BFDD1413D993BA005EC015 /* CMFunctionalTest.octest */,
			);
			name = Products;
			sourceTree = "<group>";
		};
		8370F1DD13D2E7210073ADDD /* Frameworks */ = {
			isa = PBXGroup;
			children = (
				8370F1DE13D2E7210073ADDD /* Cocoa.framework */,
				83BFDD1513D993BA005EC015 /* SenTestingKit.framework */,
				8370F1E013D2E7210073ADDD /* Other Frameworks */,
			);
			name = Frameworks;
			sourceTree = "<group>";
		};
		8370F1E013D2E7210073ADDD /* Other Frameworks */ = {
			isa = PBXGroup;
			children = (
				8370F1E113D2E7210073ADDD /* AppKit.framework */,
				8370F1E213D2E7210073ADDD /* CoreData.framework */,
				8370F1E313D2E7210073ADDD /* Foundation.framework */,
			);
			name = "Other Frameworks";
			sourceTree = "<group>";
		};
		8370F1E413D2E7210073ADDD /* CMFunctionalAdditions */ = {
			isa = PBXGroup;
			children = (
				8399590513D3003500475D71 /* CMFunctionalArray.h */,
				8399590613D3003500475D71 /* CMFunctionalArray.m */,
				8330F9A613D2FD4C005C3D78 /* CMFunctionalDictionary.h */,
				8330F9A713D2FD4C005C3D78 /* CMFunctionalDictionary.m */,
				8370F1E513D2E7210073ADDD /* Supporting Files */,
			);
			path = CMFunctionalAdditions;
			sourceTree = "<group>";
		};
		8370F1E513D2E7210073ADDD /* Supporting Files */ = {
			isa = PBXGroup;
			children = (
				8370F1E613D2E7210073ADDD /* CMFunctionalAdditions-Info.plist */,
				8370F1E713D2E7210073ADDD /* InfoPlist.strings */,
				8370F1EA13D2E7210073ADDD /* CMFunctionalAdditions-Prefix.pch */,
			);
			name = "Supporting Files";
			sourceTree = "<group>";
		};
		83BFDD1813D993BA005EC015 /* CMFunctionalTest */ = {
			isa = PBXGroup;
			children = (
				83BFDD1E13D993BB005EC015 /* CMFunctionalArrayTest.h */,
				83BFDD2013D993BB005EC015 /* CMFunctionalArrayTest.m */,
				83BFDD1913D993BB005EC015 /* Supporting Files */,
			);
			path = CMFunctionalTest;
			sourceTree = "<group>";
		};
		83BFDD1913D993BB005EC015 /* Supporting Files */ = {
			isa = PBXGroup;
			children = (
				83BFDD1A13D993BB005EC015 /* CMFunctionalTest-Info.plist */,
				83BFDD1B13D993BB005EC015 /* InfoPlist.strings */,
				83BFDD2213D993BB005EC015 /* CMFunctionalTest-Prefix.pch */,
			);
			name = "Supporting Files";
			sourceTree = "<group>";
		};
/* End PBXGroup section */

/* Begin PBXHeadersBuildPhase section */
		8370F1D813D2E7210073ADDD /* Headers */ = {
			isa = PBXHeadersBuildPhase;
			buildActionMask = 2147483647;
			files = (
				8330F9A813D2FD4C005C3D78 /* CMFunctionalDictionary.h in Headers */,
				8399590713D3003500475D71 /* CMFunctionalArray.h in Headers */,
			);
			runOnlyForDeploymentPostprocessing = 0;
		};
/* End PBXHeadersBuildPhase section */

/* Begin PBXNativeTarget section */
		8370F1DA13D2E7210073ADDD /* CMFunctionalAdditions */ = {
			isa = PBXNativeTarget;
			buildConfigurationList = 8370F1ED13D2E7210073ADDD /* Build configuration list for PBXNativeTarget "CMFunctionalAdditions" */;
			buildPhases = (
				8370F1D613D2E7210073ADDD /* Sources */,
				8370F1D713D2E7210073ADDD /* Frameworks */,
				8370F1D813D2E7210073ADDD /* Headers */,
				8370F1D913D2E7210073ADDD /* Resources */,
			);
			buildRules = (
			);
			dependencies = (
			);
			name = CMFunctionalAdditions;
			productName = CMFunctionalAdditions;
			productReference = 8370F1DB13D2E7210073ADDD /* CMFunctionalAdditions.framework */;
			productType = "com.apple.product-type.framework";
		};
		83BFDD1313D993BA005EC015 /* CMFunctionalTest */ = {
			isa = PBXNativeTarget;
			buildConfigurationList = 83BFDD2513D993BB005EC015 /* Build configuration list for PBXNativeTarget "CMFunctionalTest" */;
			buildPhases = (
				83BFDD0F13D993BA005EC015 /* Sources */,
				83BFDD1013D993BA005EC015 /* Frameworks */,
				83BFDD1113D993BA005EC015 /* Resources */,
				83BFDD1213D993BA005EC015 /* ShellScript */,
			);
			buildRules = (
			);
			dependencies = (
				83BFDD3013D9A7DD005EC015 /* PBXTargetDependency */,
			);
			name = CMFunctionalTest;
			productName = CMFunctionalTest;
			productReference = 83BFDD1413D993BA005EC015 /* CMFunctionalTest.octest */;
			productType = "com.apple.product-type.bundle";
		};
/* End PBXNativeTarget section */

/* Begin PBXProject section */
		8370F1D113D2E7200073ADDD /* Project object */ = {
			isa = PBXProject;
			attributes = {
				ORGANIZATIONNAME = Limpet;
			};
			buildConfigurationList = 8370F1D413D2E7200073ADDD /* Build configuration list for PBXProject "CMFunctionalAdditions" */;
			compatibilityVersion = "Xcode 3.2";
			developmentRegion = English;
			hasScannedForEncodings = 0;
			knownRegions = (
				en,
			);
			mainGroup = 8370F1CF13D2E7200073ADDD;
			productRefGroup = 8370F1DC13D2E7210073ADDD /* Products */;
			projectDirPath = "";
			projectRoot = "";
			targets = (
				8370F1DA13D2E7210073ADDD /* CMFunctionalAdditions */,
				83BFDD1313D993BA005EC015 /* CMFunctionalTest */,
			);
		};
/* End PBXProject section */

/* Begin PBXResourcesBuildPhase section */
		8370F1D913D2E7210073ADDD /* Resources */ = {
			isa = PBXResourcesBuildPhase;
			buildActionMask = 2147483647;
			files = (
				8370F1E913D2E7210073ADDD /* InfoPlist.strings in Resources */,
			);
			runOnlyForDeploymentPostprocessing = 0;
		};
		83BFDD1113D993BA005EC015 /* Resources */ = {
			isa = PBXResourcesBuildPhase;
			buildActionMask = 2147483647;
			files = (
				83BFDD1D13D993BB005EC015 /* InfoPlist.strings in Resources */,
				83BFDD1F13D993BB005EC015 /* CMFunctionalArrayTest.h in Resources */,
			);
			runOnlyForDeploymentPostprocessing = 0;
		};
/* End PBXResourcesBuildPhase section */

/* Begin PBXShellScriptBuildPhase section */
		83BFDD1213D993BA005EC015 /* ShellScript */ = {
			isa = PBXShellScriptBuildPhase;
			buildActionMask = 2147483647;
			files = (
			);
			inputPaths = (
			);
			outputPaths = (
			);
			runOnlyForDeploymentPostprocessing = 0;
			shellPath = /bin/sh;
			shellScript = "# Run the unit tests in this test bundle.\n\"${SYSTEM_DEVELOPER_DIR}/Tools/RunUnitTests\"\n";
		};
/* End PBXShellScriptBuildPhase section */

/* Begin PBXSourcesBuildPhase section */
		8370F1D613D2E7210073ADDD /* Sources */ = {
			isa = PBXSourcesBuildPhase;
			buildActionMask = 2147483647;
			files = (
				8330F9A913D2FD4C005C3D78 /* CMFunctionalDictionary.m in Sources */,
				8399590813D3003500475D71 /* CMFunctionalArray.m in Sources */,
			);
			runOnlyForDeploymentPostprocessing = 0;
		};
		83BFDD0F13D993BA005EC015 /* Sources */ = {
			isa = PBXSourcesBuildPhase;
			buildActionMask = 2147483647;
			files = (
				83BFDD2113D993BB005EC015 /* CMFunctionalArrayTest.m in Sources */,
			);
			runOnlyForDeploymentPostprocessing = 0;
		};
/* End PBXSourcesBuildPhase section */

/* Begin PBXTargetDependency section */
		83BFDD3013D9A7DD005EC015 /* PBXTargetDependency */ = {
			isa = PBXTargetDependency;
			target = 8370F1DA13D2E7210073ADDD /* CMFunctionalAdditions */;
			targetProxy = 83BFDD2F13D9A7DD005EC015 /* PBXContainerItemProxy */;
		};
/* End PBXTargetDependency section */

/* Begin PBXVariantGroup section */
		8370F1E713D2E7210073ADDD /* InfoPlist.strings */ = {
			isa = PBXVariantGroup;
			children = (
				8370F1E813D2E7210073ADDD /* en */,
			);
			name = InfoPlist.strings;
			sourceTree = "<group>";
		};
		83BFDD1B13D993BB005EC015 /* InfoPlist.strings */ = {
			isa = PBXVariantGroup;
			children = (
				83BFDD1C13D993BB005EC015 /* en */,
			);
			name = InfoPlist.strings;
			sourceTree = "<group>";
		};
/* End PBXVariantGroup section */

/* Begin XCBuildConfiguration section */
		8370F1EB13D2E7210073ADDD /* Debug */ = {
			isa = XCBuildConfiguration;
			buildSettings = {
				ARCHS = "$(ARCHS_STANDARD_32_64_BIT)";
				GCC_C_LANGUAGE_STANDARD = gnu99;
				GCC_ENABLE_OBJC_GC = required;
				GCC_OPTIMIZATION_LEVEL = 0;
				GCC_PREPROCESSOR_DEFINITIONS = DEBUG;
				GCC_SYMBOLS_PRIVATE_EXTERN = NO;
				GCC_VERSION = com.apple.compilers.llvm.clang.1_0;
				GCC_WARN_64_TO_32_BIT_CONVERSION = YES;
				GCC_WARN_ABOUT_RETURN_TYPE = YES;
				GCC_WARN_UNUSED_VARIABLE = YES;
				MACOSX_DEPLOYMENT_TARGET = 10.6;
				ONLY_ACTIVE_ARCH = YES;
				SDKROOT = macosx;
			};
			name = Debug;
		};
		8370F1EC13D2E7210073ADDD /* Release */ = {
			isa = XCBuildConfiguration;
			buildSettings = {
				ARCHS = "$(ARCHS_STANDARD_32_64_BIT)";
				GCC_C_LANGUAGE_STANDARD = gnu99;
				GCC_ENABLE_OBJC_GC = required;
				GCC_VERSION = com.apple.compilers.llvm.clang.1_0;
				GCC_WARN_64_TO_32_BIT_CONVERSION = YES;
				GCC_WARN_ABOUT_RETURN_TYPE = YES;
				GCC_WARN_UNUSED_VARIABLE = YES;
				MACOSX_DEPLOYMENT_TARGET = 10.6;
				SDKROOT = macosx;
			};
			name = Release;
		};
		8370F1EE13D2E7210073ADDD /* Debug */ = {
			isa = XCBuildConfiguration;
			buildSettings = {
				ALWAYS_SEARCH_USER_PATHS = NO;
				COPY_PHASE_STRIP = NO;
				DYLIB_COMPATIBILITY_VERSION = 1;
				DYLIB_CURRENT_VERSION = 1;
				FRAMEWORK_VERSION = A;
				GCC_DYNAMIC_NO_PIC = NO;
				GCC_ENABLE_OBJC_EXCEPTIONS = YES;
				GCC_ENABLE_OBJC_GC = required;
				GCC_PRECOMPILE_PREFIX_HEADER = YES;
				GCC_PREFIX_HEADER = "CMFunctionalAdditions/CMFunctionalAdditions-Prefix.pch";
				INFOPLIST_FILE = "CMFunctionalAdditions/CMFunctionalAdditions-Info.plist";
				ONLY_ACTIVE_ARCH = YES;
				PRODUCT_NAME = "$(TARGET_NAME)";
				WRAPPER_EXTENSION = framework;
			};
			name = Debug;
		};
		8370F1EF13D2E7210073ADDD /* Release */ = {
			isa = XCBuildConfiguration;
			buildSettings = {
				ALWAYS_SEARCH_USER_PATHS = NO;
				COPY_PHASE_STRIP = YES;
				DEBUG_INFORMATION_FORMAT = "dwarf-with-dsym";
				DYLIB_COMPATIBILITY_VERSION = 1;
				DYLIB_CURRENT_VERSION = 1;
				FRAMEWORK_VERSION = A;
				GCC_ENABLE_OBJC_EXCEPTIONS = YES;
				GCC_ENABLE_OBJC_GC = required;
				GCC_PRECOMPILE_PREFIX_HEADER = YES;
				GCC_PREFIX_HEADER = "CMFunctionalAdditions/CMFunctionalAdditions-Prefix.pch";
				INFOPLIST_FILE = "CMFunctionalAdditions/CMFunctionalAdditions-Info.plist";
				ONLY_ACTIVE_ARCH = YES;
				PRODUCT_NAME = "$(TARGET_NAME)";
				WRAPPER_EXTENSION = framework;
			};
			name = Release;
		};
		83BFDD2313D993BB005EC015 /* Debug */ = {
			isa = XCBuildConfiguration;
			buildSettings = {
				ALWAYS_SEARCH_USER_PATHS = NO;
				ARCHS = "$(ARCHS_STANDARD_64_BIT)";
				COPY_PHASE_STRIP = NO;
				FRAMEWORK_SEARCH_PATHS = "$(DEVELOPER_LIBRARY_DIR)/Frameworks";
				GCC_DYNAMIC_NO_PIC = NO;
				GCC_ENABLE_OBJC_EXCEPTIONS = YES;
				GCC_OPTIMIZATION_LEVEL = 3;
				GCC_PRECOMPILE_PREFIX_HEADER = YES;
				GCC_PREFIX_HEADER = "CMFunctionalTest/CMFunctionalTest-Prefix.pch";
				GCC_PREPROCESSOR_DEFINITIONS = (
					"DEBUG=1",
					"$(inherited)",
				);
				GCC_WARN_ABOUT_MISSING_PROTOTYPES = YES;
				INFOPLIST_FILE = "CMFunctionalTest/CMFunctionalTest-Info.plist";
				MACOSX_DEPLOYMENT_TARGET = 10.7;
				PRODUCT_NAME = "$(TARGET_NAME)";
				WRAPPER_EXTENSION = octest;
			};
			name = Debug;
		};
		83BFDD2413D993BB005EC015 /* Release */ = {
			isa = XCBuildConfiguration;
			buildSettings = {
				ALWAYS_SEARCH_USER_PATHS = NO;
				ARCHS = "$(ARCHS_STANDARD_64_BIT)";
				COPY_PHASE_STRIP = YES;
				DEBUG_INFORMATION_FORMAT = "dwarf-with-dsym";
				FRAMEWORK_SEARCH_PATHS = "$(DEVELOPER_LIBRARY_DIR)/Frameworks";
				GCC_ENABLE_OBJC_EXCEPTIONS = YES;
				GCC_PRECOMPILE_PREFIX_HEADER = YES;
				GCC_PREFIX_HEADER = "CMFunctionalTest/CMFunctionalTest-Prefix.pch";
				GCC_WARN_ABOUT_MISSING_PROTOTYPES = YES;
				INFOPLIST_FILE = "CMFunctionalTest/CMFunctionalTest-Info.plist";
				MACOSX_DEPLOYMENT_TARGET = 10.7;
				PRODUCT_NAME = "$(TARGET_NAME)";
				WRAPPER_EXTENSION = octest;
			};
			name = Release;
		};
/* End XCBuildConfiguration section */

/* Begin XCConfigurationList section */
		8370F1D413D2E7200073ADDD /* Build configuration list for PBXProject "CMFunctionalAdditions" */ = {
			isa = XCConfigurationList;
			buildConfigurations = (
				8370F1EB13D2E7210073ADDD /* Debug */,
				8370F1EC13D2E7210073ADDD /* Release */,
			);
			defaultConfigurationIsVisible = 0;
			defaultConfigurationName = Release;
		};
		8370F1ED13D2E7210073ADDD /* Build configuration list for PBXNativeTarget "CMFunctionalAdditions" */ = {
			isa = XCConfigurationList;
			buildConfigurations = (
				8370F1EE13D2E7210073ADDD /* Debug */,
				8370F1EF13D2E7210073ADDD /* Release */,
			);
			defaultConfigurationIsVisible = 0;
			defaultConfigurationName = Release;
		};
		83BFDD2513D993BB005EC015 /* Build configuration list for PBXNativeTarget "CMFunctionalTest" */ = {
			isa = XCConfigurationList;
			buildConfigurations = (
				83BFDD2313D993BB005EC015 /* Debug */,
				83BFDD2413D993BB005EC015 /* Release */,
			);
			defaultConfigurationIsVisible = 0;
			defaultConfigurationName = Release;
		};
/* End XCConfigurationList section */
	};
	rootObject = 8370F1D113D2E7200073ADDD /* Project object */;
}
